
Microsoft Visual Studio Solution File, Format Version 12.00
# Visual Studio Version 17
VisualStudioVersion = 17.6.33815.320
MinimumVisualStudioVersion = 10.0.40219.1
Project("{FAE04EC0-301F-11D3-BF4B-00C04F79EFBC}") = "Odd Even Number", "Odd Even Number.csproj", "{CB34CE25-1504-473E-A4FD-7B7AB0B190E8}"
EndProject
Global
	GlobalSection(SolutionConfigurationPlatforms) = preSolution
		Debug|Any CPU = Debug|Any CPU
		Release|Any CPU = Release|Any CPU
	EndGlobalSection
	GlobalSection(ProjectConfigurationPlatforms) = postSolution
		{CB34CE25-1504-473E-A4FD-7B7AB0B190E8}.Debug|Any CPU.ActiveCfg = Debug|Any CPU
		{CB34CE25-1504-473E-A4FD-7B7AB0B190E8}.Debug|Any CPU.Build.0 = Debug|Any CPU
		{CB34CE25-1504-473E-A4FD-7B7AB0B190E8}.Release|Any CPU.ActiveCfg = Release|Any CPU
		{CB34CE25-1504-473E-A4FD-7B7AB0B190E8}.Release|Any CPU.Build.0 = Release|Any CPU
	EndGlobalSection
	GlobalSection(SolutionProperties) = preSolution
		HideSolutionNode = FALSE
	EndGlobalSection
	GlobalSection(ExtensibilityGlobals) = postSolution
		SolutionGuid = {0FA5F835-2EDE-4EDF-A2DB-3E68F2EC4199}
	EndGlobalSection
EndGlobal
