
Microsoft Visual Studio Solution File, Format Version 12.00
# Visual Studio Version 17
VisualStudioVersion = 17.6.33815.320
MinimumVisualStudioVersion = 10.0.40219.1
Project("{FAE04EC0-301F-11D3-BF4B-00C04F79EFBC}") = "Is Leap Year", "Is Leap Year.csproj", "{3DABA7E3-AC82-4458-BB69-18D6931ACE40}"
EndProject
Global
	GlobalSection(SolutionConfigurationPlatforms) = preSolution
		Debug|Any CPU = Debug|Any CPU
		Release|Any CPU = Release|Any CPU
	EndGlobalSection
	GlobalSection(ProjectConfigurationPlatforms) = postSolution
		{3DABA7E3-AC82-4458-BB69-18D6931ACE40}.Debug|Any CPU.ActiveCfg = Debug|Any CPU
		{3DABA7E3-AC82-4458-BB69-18D6931ACE40}.Debug|Any CPU.Build.0 = Debug|Any CPU
		{3DABA7E3-AC82-4458-BB69-18D6931ACE40}.Release|Any CPU.ActiveCfg = Release|Any CPU
		{3DABA7E3-AC82-4458-BB69-18D6931ACE40}.Release|Any CPU.Build.0 = Release|Any CPU
	EndGlobalSection
	GlobalSection(SolutionProperties) = preSolution
		HideSolutionNode = FALSE
	EndGlobalSection
	GlobalSection(ExtensibilityGlobals) = postSolution
		SolutionGuid = {794F8119-3BE6-4931-AB2E-E5422A5CEDD3}
	EndGlobalSection
EndGlobal
